<?xml version="1.0" encoding="utf-8"?>
<Project ToolsVersion="4.0" xmlns="http://schemas.microsoft.com/developer/msbuild/2003">
  <ItemGroup>
    <Filter Include="소스 파일">
      <UniqueIdentifier>{4FC737F1-C7A5-4376-A066-2A32D752A2FF}</UniqueIdentifier>
      <Extensions>cpp;c;cc;cxx;c++;cppm;ixx;def;odl;idl;hpj;bat;asm;asmx</Extensions>
    </Filter>
    <Filter Include="헤더 파일">
      <UniqueIdentifier>{93995380-89BD-4b04-88EB-625FBE52EBFB}</UniqueIdentifier>
      <Extensions>h;hh;hpp;hxx;h++;hm;inl;inc;ipp;xsd</Extensions>
    </Filter>
    <Filter Include="리소스 파일">
      <UniqueIdentifier>{67DA6AB6-F800-4c08-8B7A-83BB121AAD01}</UniqueIdentifier>
      <Extensions>rc;ico;cur;bmp;dlg;rc2;rct;bin;rgs;gif;jpg;jpeg;jpe;resx;tiff;tif;png;wav;mfcribbon-ms</Extensions>
    </Filter>
    <Filter Include="헤더 파일\headers">
      <UniqueIdentifier>{55425bdd-5fb4-4c9b-94a0-1ee93cb79ea6}</UniqueIdentifier>
    </Filter>
    <Filter Include="헤더 파일\Include">
      <UniqueIdentifier>{c3d6e88c-5c43-4173-aac0-22db9e38f954}</UniqueIdentifier>
    </Filter>
    <Filter Include="소스 파일\00. MainUpdate">
      <UniqueIdentifier>{ed9051ba-d2b4-4f47-8ce9-6b259fd57f56}</UniqueIdentifier>
    </Filter>
    <Filter Include="소스 파일\01. Object">
      <UniqueIdentifier>{fea43074-5209-4fc3-9af1-6272faed9e4a}</UniqueIdentifier>
    </Filter>
    <Filter Include="소스 파일\02. Scene">
      <UniqueIdentifier>{2deaf8cf-3022-45ff-bd2c-6bdcbcc5fa3a}</UniqueIdentifier>
    </Filter>
    <Filter Include="소스 파일\99. Manager">
      <UniqueIdentifier>{e79b348e-8159-4e21-ad1e-6581c9a0c006}</UniqueIdentifier>
    </Filter>
    <Filter Include="소스 파일\99. Manager\SceneManager">
      <UniqueIdentifier>{328a0442-0844-4022-80d6-4939b97a6983}</UniqueIdentifier>
    </Filter>
    <Filter Include="소스 파일\02. Scene\Logo">
      <UniqueIdentifier>{cf4b1b2c-0af9-454a-8fca-7152b0c038ab}</UniqueIdentifier>
    </Filter>
    <Filter Include="소스 파일\02. Scene\Menu">
      <UniqueIdentifier>{fa984b4c-e6a0-432b-bf0e-5614f37015fe}</UniqueIdentifier>
    </Filter>
    <Filter Include="소스 파일\02. Scene\Stage">
      <UniqueIdentifier>{c633ef5a-182a-4223-afd6-ee6a5cd98229}</UniqueIdentifier>
    </Filter>
    <Filter Include="소스 파일\99. Manager\BitmapManager">
      <UniqueIdentifier>{d2248cbe-b800-451a-8927-27bd27fec6e1}</UniqueIdentifier>
    </Filter>
    <Filter Include="소스 파일\99. Manager\BitmapManager\Bitmap">
      <UniqueIdentifier>{358bd786-7d88-442f-915f-3e9976e13d59}</UniqueIdentifier>
    </Filter>
    <Filter Include="소스 파일\01. Object\Object_Common">
      <UniqueIdentifier>{c0159266-712f-40e5-951c-c23a8abe1367}</UniqueIdentifier>
    </Filter>
    <Filter Include="소스 파일\01. Object\Object_Common\BackGround">
      <UniqueIdentifier>{e18a36bf-8d29-41dc-a735-12d1a8e3a705}</UniqueIdentifier>
    </Filter>
    <Filter Include="소스 파일\99. Manager\ObjectManager">
      <UniqueIdentifier>{4fc02da6-3695-47e7-a348-6deb2f52ceb0}</UniqueIdentifier>
    </Filter>
    <Filter Include="소스 파일\99. Manager\ObjectManager\ObjectFactory">
      <UniqueIdentifier>{5d0a7af3-8de8-4317-8917-2ce471db4005}</UniqueIdentifier>
    </Filter>
    <Filter Include="소스 파일\99. Manager\CollisionManager">
      <UniqueIdentifier>{53554e3b-67d2-4843-bd94-25ad1940c47e}</UniqueIdentifier>
    </Filter>
    <Filter Include="소스 파일\01. Object\LogoObject">
      <UniqueIdentifier>{9ee76cc2-33b5-4e39-a926-742d36663130}</UniqueIdentifier>
    </Filter>
    <Filter Include="소스 파일\01. Object\Menu">
      <UniqueIdentifier>{7e48730d-00a7-4e34-b87c-9a72d4e9589b}</UniqueIdentifier>
    </Filter>
    <Filter Include="소스 파일\01. Object\Stage">
      <UniqueIdentifier>{eba748ef-9f68-4446-924d-043d2559c215}</UniqueIdentifier>
    </Filter>
    <Filter Include="소스 파일\01. Object\Stage\Player">
      <UniqueIdentifier>{740eedd8-1e8b-4923-87db-2aafc8d9692d}</UniqueIdentifier>
    </Filter>
    <Filter Include="소스 파일\01. Object\Menu\Button">
      <UniqueIdentifier>{bd933cc7-1019-40fd-930a-b4641a1be9cb}</UniqueIdentifier>
    </Filter>
    <Filter Include="소스 파일\99. Manager\InputManager">
      <UniqueIdentifier>{09d95907-7759-439f-91de-acc4e285796a}</UniqueIdentifier>
    </Filter>
    <Filter Include="소스 파일\01. Object\Stage\Obstacle">
      <UniqueIdentifier>{0de77285-2d17-4c98-939a-ed1c289878d4}</UniqueIdentifier>
    </Filter>
    <Filter Include="소스 파일\01. Object\Stage\Jelly">
      <UniqueIdentifier>{a4146c37-05f2-4cf5-8e36-325d0001b586}</UniqueIdentifier>
    </Filter>
    <Filter Include="소스 파일\01. Object\Stage\Ground">
      <UniqueIdentifier>{4da9746b-5195-4c23-bf7d-d1a84977dfd3}</UniqueIdentifier>
    </Filter>
    <Filter Include="소스 파일\99. Manager\SoundManager">
      <UniqueIdentifier>{f115dde1-5e73-4513-93de-182a269320b9}</UniqueIdentifier>
    </Filter>
    <Filter Include="소스 파일\01. Object\Stage\Obstacle\Obstacle1">
      <UniqueIdentifier>{afd2a8e7-8a4b-478f-9622-2af0590917db}</UniqueIdentifier>
    </Filter>
    <Filter Include="소스 파일\01. Object\Stage\Hp_Bar">
      <UniqueIdentifier>{0ea6e3c9-d042-45ce-9eb8-45f687a0ff98}</UniqueIdentifier>
    </Filter>
  </ItemGroup>
  <ItemGroup>
    <ClInclude Include="framework.h">
      <Filter>헤더 파일\headers</Filter>
    </ClInclude>
    <ClInclude Include="Por_Cookie.h">
      <Filter>헤더 파일\headers</Filter>
    </ClInclude>
    <ClInclude Include="Resource.h">
      <Filter>헤더 파일\headers</Filter>
    </ClInclude>
    <ClInclude Include="targetver.h">
      <Filter>헤더 파일\headers</Filter>
    </ClInclude>
    <ClInclude Include="Define.h">
      <Filter>헤더 파일\Include</Filter>
    </ClInclude>
    <ClInclude Include="Enum.h">
      <Filter>헤더 파일\Include</Filter>
    </ClInclude>
    <ClInclude Include="Struct.h">
      <Filter>헤더 파일\Include</Filter>
    </ClInclude>
    <ClInclude Include="Include.h">
      <Filter>헤더 파일</Filter>
    </ClInclude>
    <ClInclude Include="MainUpdate.h">
      <Filter>소스 파일\00. MainUpdate</Filter>
    </ClInclude>
    <ClInclude Include="Scene.h">
      <Filter>소스 파일\02. Scene</Filter>
    </ClInclude>
    <ClInclude Include="SceneManager.h">
      <Filter>소스 파일\99. Manager\SceneManager</Filter>
    </ClInclude>
    <ClInclude Include="Logo.h">
      <Filter>소스 파일\02. Scene\Logo</Filter>
    </ClInclude>
    <ClInclude Include="Menu.h">
      <Filter>소스 파일\02. Scene\Menu</Filter>
    </ClInclude>
    <ClInclude Include="Stage.h">
      <Filter>소스 파일\02. Scene\Stage</Filter>
    </ClInclude>
    <ClInclude Include="BitmapManager.h">
      <Filter>소스 파일\99. Manager\BitmapManager</Filter>
    </ClInclude>
    <ClInclude Include="Bitmap.h">
      <Filter>소스 파일\99. Manager\BitmapManager\Bitmap</Filter>
    </ClInclude>
    <ClInclude Include="Object.h">
      <Filter>소스 파일\01. Object</Filter>
    </ClInclude>
    <ClInclude Include="BackGround.h">
      <Filter>소스 파일\01. Object\Object_Common\BackGround</Filter>
    </ClInclude>
    <ClInclude Include="ObjectFactory.h">
      <Filter>소스 파일\99. Manager\ObjectManager\ObjectFactory</Filter>
    </ClInclude>
    <ClInclude Include="ObjectManager.h">
      <Filter>소스 파일\99. Manager\ObjectManager</Filter>
    </ClInclude>
    <ClInclude Include="Player.h">
      <Filter>소스 파일\01. Object\Stage\Player</Filter>
    </ClInclude>
    <ClInclude Include="CollisionManager.h">
      <Filter>소스 파일\99. Manager\CollisionManager</Filter>
    </ClInclude>
    <ClInclude Include="Bridge.h">
      <Filter>헤더 파일\Include</Filter>
    </ClInclude>
    <ClInclude Include="InputManager.h">
      <Filter>소스 파일\99. Manager\InputManager</Filter>
    </ClInclude>
    <ClInclude Include="Ground.h">
      <Filter>소스 파일\01. Object\Stage\Ground</Filter>
    </ClInclude>
    <ClInclude Include="leak_Check.h">
      <Filter>헤더 파일</Filter>
    </ClInclude>
    <ClInclude Include="Obstacle1.h">
      <Filter>소스 파일\01. Object\Stage\Obstacle\Obstacle1</Filter>
    </ClInclude>
    <ClInclude Include="Jelly.h">
      <Filter>소스 파일\01. Object\Stage\Jelly</Filter>
    </ClInclude>
    <ClInclude Include="HPBar.h">
      <Filter>소스 파일\01. Object\Stage\Hp_Bar</Filter>
    </ClInclude>
  </ItemGroup>
  <ItemGroup>
    <ClCompile Include="Por_Cookie.cpp">
      <Filter>소스 파일</Filter>
    </ClCompile>
    <ClCompile Include="MainUpdate.cpp">
      <Filter>소스 파일\00. MainUpdate</Filter>
    </ClCompile>
    <ClCompile Include="Scene.cpp">
      <Filter>소스 파일\02. Scene</Filter>
    </ClCompile>
    <ClCompile Include="SceneManager.cpp">
      <Filter>소스 파일\99. Manager\SceneManager</Filter>
    </ClCompile>
    <ClCompile Include="Logo.cpp">
      <Filter>소스 파일\02. Scene\Logo</Filter>
    </ClCompile>
    <ClCompile Include="Menu.cpp">
      <Filter>소스 파일\02. Scene\Menu</Filter>
    </ClCompile>
    <ClCompile Include="Stage.cpp">
      <Filter>소스 파일\02. Scene\Stage</Filter>
    </ClCompile>
    <ClCompile Include="BitmapManager.cpp">
      <Filter>소스 파일\99. Manager\BitmapManager</Filter>
    </ClCompile>
    <ClCompile Include="Bitmap.cpp">
      <Filter>소스 파일\99. Manager\BitmapManager\Bitmap</Filter>
    </ClCompile>
    <ClCompile Include="Object.cpp">
      <Filter>소스 파일\01. Object</Filter>
    </ClCompile>
    <ClCompile Include="BackGround.cpp">
      <Filter>소스 파일\01. Object\Object_Common\BackGround</Filter>
    </ClCompile>
    <ClCompile Include="ObjectManager.cpp">
      <Filter>소스 파일\99. Manager\ObjectManager</Filter>
    </ClCompile>
    <ClCompile Include="Player.cpp">
      <Filter>소스 파일\01. Object\Stage\Player</Filter>
    </ClCompile>
    <ClCompile Include="CollisionManager.cpp">
      <Filter>소스 파일\99. Manager\CollisionManager</Filter>
    </ClCompile>
    <ClCompile Include="InputManager.cpp">
      <Filter>소스 파일\99. Manager\InputManager</Filter>
    </ClCompile>
    <ClCompile Include="Ground.cpp">
      <Filter>소스 파일\01. Object\Stage\Ground</Filter>
    </ClCompile>
    <ClCompile Include="Obstacle1.cpp">
      <Filter>소스 파일\01. Object\Stage\Obstacle\Obstacle1</Filter>
    </ClCompile>
    <ClCompile Include="Jelly.cpp">
      <Filter>소스 파일\01. Object\Stage\Jelly</Filter>
    </ClCompile>
    <ClCompile Include="HPBar.cpp">
      <Filter>소스 파일\01. Object\Stage\Hp_Bar</Filter>
    </ClCompile>
  </ItemGroup>
  <ItemGroup>
    <ResourceCompile Include="Por_Cookie.rc">
      <Filter>리소스 파일</Filter>
    </ResourceCompile>
  </ItemGroup>
  <ItemGroup>
    <Image Include="small.ico">
      <Filter>리소스 파일</Filter>
    </Image>
    <Image Include="Por_Cookie.ico">
      <Filter>리소스 파일</Filter>
    </Image>
  </ItemGroup>
</Project>